
Microsoft Visual Studio Solution File, Format Version 12.00
# Visual Studio 15
VisualStudioVersion = 15.0.28010.2003
MinimumVisualStudioVersion = 10.0.40219.1
Project("{FAE04EC0-301F-11D3-BF4B-00C04F79EFBC}") = "intervalociclo", "intervalociclo\intervalociclo.csproj", "{9CC0B3C8-F221-44A7-83B6-CA0C04F8B007}"
EndProject
Global
	GlobalSection(SolutionConfigurationPlatforms) = preSolution
		Debug|Any CPU = Debug|Any CPU
		Release|Any CPU = Release|Any CPU
	EndGlobalSection
	GlobalSection(ProjectConfigurationPlatforms) = postSolution
		{9CC0B3C8-F221-44A7-83B6-CA0C04F8B007}.Debug|Any CPU.ActiveCfg = Debug|Any CPU
		{9CC0B3C8-F221-44A7-83B6-CA0C04F8B007}.Debug|Any CPU.Build.0 = Debug|Any CPU
		{9CC0B3C8-F221-44A7-83B6-CA0C04F8B007}.Release|Any CPU.ActiveCfg = Release|Any CPU
		{9CC0B3C8-F221-44A7-83B6-CA0C04F8B007}.Release|Any CPU.Build.0 = Release|Any CPU
	EndGlobalSection
	GlobalSection(SolutionProperties) = preSolution
		HideSolutionNode = FALSE
	EndGlobalSection
	GlobalSection(ExtensibilityGlobals) = postSolution
		SolutionGuid = {5A215947-6E15-4F2B-96E2-553C3812A554}
	EndGlobalSection
EndGlobal
